
Microsoft Visual Studio Solution File, Format Version 12.00
# Visual Studio Version 17
VisualStudioVersion = 17.11.35312.102
MinimumVisualStudioVersion = 10.0.40219.1
Project("{9A19103F-16F7-4668-BE54-9A1E7A4F7556}") = "Application", "Application\Application.csproj", "{AB93F51E-0857-49DA-9DA1-54B0F2DCB495}"
EndProject
Project("{9A19103F-16F7-4668-BE54-9A1E7A4F7556}") = "Domain", "Domain\Domain.csproj", "{26634C4B-3069-48A4-9AEF-699AAFEB3E56}"
EndProject
Project("{9A19103F-16F7-4668-BE54-9A1E7A4F7556}") = "Infrastructure", "Infrastructure\Infrastructure.csproj", "{788A080E-7ED6-4D54-BB56-1AAEFE783EA7}"
EndProject
Project("{9A19103F-16F7-4668-BE54-9A1E7A4F7556}") = "WebApi", "WebApi\WebApi.csproj", "{CCE3A771-C28E-4833-B96F-DEBE8D7F8DDB}"
EndProject
Project("{2150E333-8FDC-42A3-9474-1A3956D46DE8}") = "Solution Items", "Solution Items", "{3C62E551-1623-4C5B-A55C-0610AB8C66BB}"
	ProjectSection(SolutionItems) = preProject
		.gitignore = .gitignore
		ProductPackagingAPI.postman_collection.json = ProductPackagingAPI.postman_collection.json
		README.md = README.md
	EndProjectSection
EndProject
Project("{FAE04EC0-301F-11D3-BF4B-00C04F79EFBC}") = "UnitTests", "UnitTests\UnitTests.csproj", "{1AE90582-6BAA-470B-B15E-36942FDC9539}"
EndProject
Global
	GlobalSection(SolutionConfigurationPlatforms) = preSolution
		Debug|Any CPU = Debug|Any CPU
		Release|Any CPU = Release|Any CPU
	EndGlobalSection
	GlobalSection(ProjectConfigurationPlatforms) = postSolution
		{AB93F51E-0857-49DA-9DA1-54B0F2DCB495}.Debug|Any CPU.ActiveCfg = Debug|Any CPU
		{AB93F51E-0857-49DA-9DA1-54B0F2DCB495}.Debug|Any CPU.Build.0 = Debug|Any CPU
		{AB93F51E-0857-49DA-9DA1-54B0F2DCB495}.Release|Any CPU.ActiveCfg = Release|Any CPU
		{AB93F51E-0857-49DA-9DA1-54B0F2DCB495}.Release|Any CPU.Build.0 = Release|Any CPU
		{26634C4B-3069-48A4-9AEF-699AAFEB3E56}.Debug|Any CPU.ActiveCfg = Debug|Any CPU
		{26634C4B-3069-48A4-9AEF-699AAFEB3E56}.Debug|Any CPU.Build.0 = Debug|Any CPU
		{26634C4B-3069-48A4-9AEF-699AAFEB3E56}.Release|Any CPU.ActiveCfg = Release|Any CPU
		{26634C4B-3069-48A4-9AEF-699AAFEB3E56}.Release|Any CPU.Build.0 = Release|Any CPU
		{788A080E-7ED6-4D54-BB56-1AAEFE783EA7}.Debug|Any CPU.ActiveCfg = Debug|Any CPU
		{788A080E-7ED6-4D54-BB56-1AAEFE783EA7}.Debug|Any CPU.Build.0 = Debug|Any CPU
		{788A080E-7ED6-4D54-BB56-1AAEFE783EA7}.Release|Any CPU.ActiveCfg = Release|Any CPU
		{788A080E-7ED6-4D54-BB56-1AAEFE783EA7}.Release|Any CPU.Build.0 = Release|Any CPU
		{CCE3A771-C28E-4833-B96F-DEBE8D7F8DDB}.Debug|Any CPU.ActiveCfg = Debug|Any CPU
		{CCE3A771-C28E-4833-B96F-DEBE8D7F8DDB}.Debug|Any CPU.Build.0 = Debug|Any CPU
		{CCE3A771-C28E-4833-B96F-DEBE8D7F8DDB}.Release|Any CPU.ActiveCfg = Release|Any CPU
		{CCE3A771-C28E-4833-B96F-DEBE8D7F8DDB}.Release|Any CPU.Build.0 = Release|Any CPU
		{1AE90582-6BAA-470B-B15E-36942FDC9539}.Debug|Any CPU.ActiveCfg = Debug|Any CPU
		{1AE90582-6BAA-470B-B15E-36942FDC9539}.Debug|Any CPU.Build.0 = Debug|Any CPU
		{1AE90582-6BAA-470B-B15E-36942FDC9539}.Release|Any CPU.ActiveCfg = Release|Any CPU
		{1AE90582-6BAA-470B-B15E-36942FDC9539}.Release|Any CPU.Build.0 = Release|Any CPU
	EndGlobalSection
	GlobalSection(SolutionProperties) = preSolution
		HideSolutionNode = FALSE
	EndGlobalSection
	GlobalSection(ExtensibilityGlobals) = postSolution
		SolutionGuid = {5A61FF61-8690-4BC8-A39B-CCBA2EAF7164}
	EndGlobalSection
EndGlobal
